
Microsoft Visual Studio Solution File, Format Version 11.00
# Visual Studio 2010
Project("{FAE04EC0-301F-11D3-BF4B-00C04F79EFBC}") = "XmlReadService", "XmlReadService\XmlReadService.csproj", "{90C74A1E-6C63-48AF-83DC-B3F8328CDE64}"
EndProject
Project("{FAE04EC0-301F-11D3-BF4B-00C04F79EFBC}") = "NSFTPFileUploadService", "NSFTPFileUploadService\NSFTPFileUploadService.csproj", "{1179D3B4-FC7E-492E-B53B-87F0D03BAC69}"
EndProject
Project("{FAE04EC0-301F-11D3-BF4B-00C04F79EFBC}") = "HGOwnerFtpServices", "HGOwnerFtpServices\HGOwnerFtpServices.csproj", "{490318A7-2EB8-40EE-8B00-B9FF633CC7B2}"
EndProject
Project("{FAE04EC0-301F-11D3-BF4B-00C04F79EFBC}") = "NSDDDisServices", "NSDDDisServices\NSDDDisServices.csproj", "{ED1021CE-66F5-4C6C-8B3E-99AF79B690C3}"
EndProject
Project("{FAE04EC0-301F-11D3-BF4B-00C04F79EFBC}") = "NewHGHZReadService", "NewHGHZReadService\NewHGHZReadService.csproj", "{65C46A3A-7D32-44B5-B92F-FBFF9F7A244D}"
EndProject
Project("{FAE04EC0-301F-11D3-BF4B-00C04F79EFBC}") = "NewNSFTPUploadService", "NewNSFTPUploadService\NewNSFTPUploadService.csproj", "{77D5F72A-A92B-45C6-8C8B-CC4996525868}"
EndProject
Project("{FAE04EC0-301F-11D3-BF4B-00C04F79EFBC}") = "TestFrom", "TestFrom\TestFrom.csproj", "{7CC3A34A-094C-4310-91AD-6D70DD4F30B3}"
EndProject
Project("{FAE04EC0-301F-11D3-BF4B-00C04F79EFBC}") = "ClsFtpService", "ClsFtpService\ClsFtpService.csproj", "{3F7F3445-CBFC-4623-AC10-978353A008E7}"
EndProject
Project("{FAE04EC0-301F-11D3-BF4B-00C04F79EFBC}") = "MyTimes", "MyTimes\MyTimes.csproj", "{022A4E8C-600B-4A7F-BDAD-A3F6D67EDD0F}"
EndProject
Project("{FAE04EC0-301F-11D3-BF4B-00C04F79EFBC}") = "PicShowEX", "PicShowEX\PicShowEX.csproj", "{DC1CDBD1-3F6A-4DBD-9FAE-0C9F45756D12}"
EndProject
Project("{FAE04EC0-301F-11D3-BF4B-00C04F79EFBC}") = "ANDeclareService", "ANDeclareService\ANDeclareService.csproj", "{2B1EFA0D-1BB4-4E4A-9D5C-8AADE01D63D5}"
EndProject
Project("{FAE04EC0-301F-11D3-BF4B-00C04F79EFBC}") = "SplitFileListService", "SplitFileListService\SplitFileListService.csproj", "{161CF986-90EE-4B6E-BF2E-B69B80361226}"
EndProject
Project("{FAE04EC0-301F-11D3-BF4B-00C04F79EFBC}") = "TestConsoleApplication", "TestConsoleApplication\TestConsoleApplication.csproj", "{9EDA43E4-5287-46B7-8FBE-A99656BA3277}"
EndProject
Global
	GlobalSection(SolutionConfigurationPlatforms) = preSolution
		Debug|x86 = Debug|x86
		Release|x86 = Release|x86
	EndGlobalSection
	GlobalSection(ProjectConfigurationPlatforms) = postSolution
		{90C74A1E-6C63-48AF-83DC-B3F8328CDE64}.Debug|x86.ActiveCfg = Debug|x86
		{90C74A1E-6C63-48AF-83DC-B3F8328CDE64}.Debug|x86.Build.0 = Debug|x86
		{90C74A1E-6C63-48AF-83DC-B3F8328CDE64}.Release|x86.ActiveCfg = Release|x86
		{90C74A1E-6C63-48AF-83DC-B3F8328CDE64}.Release|x86.Build.0 = Release|x86
		{1179D3B4-FC7E-492E-B53B-87F0D03BAC69}.Debug|x86.ActiveCfg = Debug|x86
		{1179D3B4-FC7E-492E-B53B-87F0D03BAC69}.Debug|x86.Build.0 = Debug|x86
		{1179D3B4-FC7E-492E-B53B-87F0D03BAC69}.Release|x86.ActiveCfg = Release|x86
		{1179D3B4-FC7E-492E-B53B-87F0D03BAC69}.Release|x86.Build.0 = Release|x86
		{490318A7-2EB8-40EE-8B00-B9FF633CC7B2}.Debug|x86.ActiveCfg = Debug|x86
		{490318A7-2EB8-40EE-8B00-B9FF633CC7B2}.Debug|x86.Build.0 = Debug|x86
		{490318A7-2EB8-40EE-8B00-B9FF633CC7B2}.Release|x86.ActiveCfg = Release|x86
		{490318A7-2EB8-40EE-8B00-B9FF633CC7B2}.Release|x86.Build.0 = Release|x86
		{ED1021CE-66F5-4C6C-8B3E-99AF79B690C3}.Debug|x86.ActiveCfg = Debug|x86
		{ED1021CE-66F5-4C6C-8B3E-99AF79B690C3}.Debug|x86.Build.0 = Debug|x86
		{ED1021CE-66F5-4C6C-8B3E-99AF79B690C3}.Release|x86.ActiveCfg = Release|x86
		{ED1021CE-66F5-4C6C-8B3E-99AF79B690C3}.Release|x86.Build.0 = Release|x86
		{65C46A3A-7D32-44B5-B92F-FBFF9F7A244D}.Debug|x86.ActiveCfg = Debug|x86
		{65C46A3A-7D32-44B5-B92F-FBFF9F7A244D}.Debug|x86.Build.0 = Debug|x86
		{65C46A3A-7D32-44B5-B92F-FBFF9F7A244D}.Release|x86.ActiveCfg = Release|x86
		{65C46A3A-7D32-44B5-B92F-FBFF9F7A244D}.Release|x86.Build.0 = Release|x86
		{77D5F72A-A92B-45C6-8C8B-CC4996525868}.Debug|x86.ActiveCfg = Debug|x86
		{77D5F72A-A92B-45C6-8C8B-CC4996525868}.Debug|x86.Build.0 = Debug|x86
		{77D5F72A-A92B-45C6-8C8B-CC4996525868}.Release|x86.ActiveCfg = Release|x86
		{77D5F72A-A92B-45C6-8C8B-CC4996525868}.Release|x86.Build.0 = Release|x86
		{7CC3A34A-094C-4310-91AD-6D70DD4F30B3}.Debug|x86.ActiveCfg = Debug|x86
		{7CC3A34A-094C-4310-91AD-6D70DD4F30B3}.Debug|x86.Build.0 = Debug|x86
		{7CC3A34A-094C-4310-91AD-6D70DD4F30B3}.Release|x86.ActiveCfg = Release|x86
		{7CC3A34A-094C-4310-91AD-6D70DD4F30B3}.Release|x86.Build.0 = Release|x86
		{3F7F3445-CBFC-4623-AC10-978353A008E7}.Debug|x86.ActiveCfg = Debug|x86
		{3F7F3445-CBFC-4623-AC10-978353A008E7}.Debug|x86.Build.0 = Debug|x86
		{3F7F3445-CBFC-4623-AC10-978353A008E7}.Release|x86.ActiveCfg = Release|x86
		{3F7F3445-CBFC-4623-AC10-978353A008E7}.Release|x86.Build.0 = Release|x86
		{022A4E8C-600B-4A7F-BDAD-A3F6D67EDD0F}.Debug|x86.ActiveCfg = Debug|x86
		{022A4E8C-600B-4A7F-BDAD-A3F6D67EDD0F}.Debug|x86.Build.0 = Debug|x86
		{022A4E8C-600B-4A7F-BDAD-A3F6D67EDD0F}.Release|x86.ActiveCfg = Release|x86
		{022A4E8C-600B-4A7F-BDAD-A3F6D67EDD0F}.Release|x86.Build.0 = Release|x86
		{DC1CDBD1-3F6A-4DBD-9FAE-0C9F45756D12}.Debug|x86.ActiveCfg = Debug|x86
		{DC1CDBD1-3F6A-4DBD-9FAE-0C9F45756D12}.Debug|x86.Build.0 = Debug|x86
		{DC1CDBD1-3F6A-4DBD-9FAE-0C9F45756D12}.Release|x86.ActiveCfg = Release|x86
		{DC1CDBD1-3F6A-4DBD-9FAE-0C9F45756D12}.Release|x86.Build.0 = Release|x86
		{2B1EFA0D-1BB4-4E4A-9D5C-8AADE01D63D5}.Debug|x86.ActiveCfg = Debug|x86
		{2B1EFA0D-1BB4-4E4A-9D5C-8AADE01D63D5}.Debug|x86.Build.0 = Debug|x86
		{2B1EFA0D-1BB4-4E4A-9D5C-8AADE01D63D5}.Release|x86.ActiveCfg = Release|x86
		{2B1EFA0D-1BB4-4E4A-9D5C-8AADE01D63D5}.Release|x86.Build.0 = Release|x86
		{161CF986-90EE-4B6E-BF2E-B69B80361226}.Debug|x86.ActiveCfg = Debug|x86
		{161CF986-90EE-4B6E-BF2E-B69B80361226}.Debug|x86.Build.0 = Debug|x86
		{161CF986-90EE-4B6E-BF2E-B69B80361226}.Release|x86.ActiveCfg = Release|x86
		{161CF986-90EE-4B6E-BF2E-B69B80361226}.Release|x86.Build.0 = Release|x86
		{9EDA43E4-5287-46B7-8FBE-A99656BA3277}.Debug|x86.ActiveCfg = Debug|x86
		{9EDA43E4-5287-46B7-8FBE-A99656BA3277}.Debug|x86.Build.0 = Debug|x86
		{9EDA43E4-5287-46B7-8FBE-A99656BA3277}.Release|x86.ActiveCfg = Release|x86
		{9EDA43E4-5287-46B7-8FBE-A99656BA3277}.Release|x86.Build.0 = Release|x86
	EndGlobalSection
	GlobalSection(SolutionProperties) = preSolution
		HideSolutionNode = FALSE
	EndGlobalSection
EndGlobal
